<?xml version="1.0" encoding="utf-8"?>
<Project ToolsVersion="4.0" xmlns="http://schemas.microsoft.com/developer/msbuild/2003">
  <ItemGroup>
    <ClCompile Include="Engine.cpp">
      <Filter>Fichiers sources</Filter>
    </ClCompile>
    <ClCompile Include="GameObject.cpp">
      <Filter>Fichiers sources</Filter>
    </ClCompile>
    <ClCompile Include="Module.cpp">
      <Filter>Fichiers sources</Filter>
    </ClCompile>
    <ClCompile Include="Scene.cpp">
      <Filter>Fichiers sources</Filter>
    </ClCompile>
    <ClCompile Include="State.cpp">
      <Filter>Fichiers sources</Filter>
    </ClCompile>
    <ClCompile Include="VelocityComponent.cpp">
      <Filter>Fichiers sources\Components</Filter>
    </ClCompile>
    <ClCompile Include="TilemapRenderer.cpp">
      <Filter>Fichiers sources\Components</Filter>
    </ClCompile>
    <ClCompile Include="TextRenderer.cpp">
      <Filter>Fichiers sources\Components</Filter>
    </ClCompile>
    <ClCompile Include="SquareCollider.cpp">
      <Filter>Fichiers sources\Components</Filter>
    </ClCompile>
    <ClCompile Include="SpriteRenderer.cpp">
      <Filter>Fichiers sources\Components</Filter>
    </ClCompile>
    <ClCompile Include="FSMConponent.cpp">
      <Filter>Fichiers sources\Components</Filter>
    </ClCompile>
    <ClCompile Include="ButtonRenderer.cpp">
      <Filter>Fichiers sources\Components</Filter>
    </ClCompile>
    <ClCompile Include="Utils.cpp">
      <Filter>Utilities</Filter>
    </ClCompile>
    <ClCompile Include="Component.cpp">
      <Filter>Fichiers sources</Filter>
    </ClCompile>
    <ClCompile Include="WindowModule.cpp">
      <Filter>Fichiers sources\Modules</Filter>
    </ClCompile>
    <ClCompile Include="TimeModule.cpp">
      <Filter>Fichiers sources\Modules</Filter>
    </ClCompile>
    <ClCompile Include="SceneModule.cpp">
      <Filter>Fichiers sources\Modules</Filter>
    </ClCompile>
    <ClCompile Include="ResourceModule.cpp">
      <Filter>Fichiers sources\Modules</Filter>
    </ClCompile>
    <ClCompile Include="ModuleManager.cpp">
      <Filter>Fichiers sources\Modules</Filter>
    </ClCompile>
    <ClCompile Include="InputModule.cpp">
      <Filter>Fichiers sources\Modules</Filter>
    </ClCompile>
  </ItemGroup>
  <ItemGroup>
    <ClInclude Include="Component.h">
      <Filter>Fichiers d%27en-tête</Filter>
    </ClInclude>
    <ClInclude Include="Engine.h">
      <Filter>Fichiers d%27en-tête</Filter>
    </ClInclude>
    <ClInclude Include="GameObject.h">
      <Filter>Fichiers d%27en-tête</Filter>
    </ClInclude>
    <ClInclude Include="Module.h">
      <Filter>Fichiers d%27en-tête</Filter>
    </ClInclude>
    <ClInclude Include="ModuleManager.h">
      <Filter>Fichiers d%27en-tête</Filter>
    </ClInclude>
    <ClInclude Include="Scene.h">
      <Filter>Fichiers d%27en-tête</Filter>
    </ClInclude>
    <ClInclude Include="State.h">
      <Filter>Fichiers d%27en-tête</Filter>
    </ClInclude>
    <ClInclude Include="resource.h">
      <Filter>Fichiers de ressources</Filter>
    </ClInclude>
    <ClInclude Include="ButtonRenderer.h">
      <Filter>Fichiers d%27en-tête\Components</Filter>
    </ClInclude>
    <ClInclude Include="FSMComponent.h">
      <Filter>Fichiers d%27en-tête\Components</Filter>
    </ClInclude>
    <ClInclude Include="SpriteRenderer.h">
      <Filter>Fichiers d%27en-tête\Components</Filter>
    </ClInclude>
    <ClInclude Include="SquareCollider.h">
      <Filter>Fichiers d%27en-tête\Components</Filter>
    </ClInclude>
    <ClInclude Include="TilemapRenderer.h">
      <Filter>Fichiers d%27en-tête\Components</Filter>
    </ClInclude>
    <ClInclude Include="TextRenderer.h">
      <Filter>Fichiers d%27en-tête\Components</Filter>
    </ClInclude>
    <ClInclude Include="VelocityComponent.h">
      <Filter>Fichiers d%27en-tête\Components</Filter>
    </ClInclude>
    <ClInclude Include="Utils.h">
      <Filter>Utilities</Filter>
    </ClInclude>
    <ClInclude Include="InputInfo.h">
      <Filter>Fichiers d%27en-tête\Models</Filter>
    </ClInclude>
    <ClInclude Include="SpriteAnimationRule.h">
      <Filter>Fichiers d%27en-tête\Models</Filter>
    </ClInclude>
    <ClInclude Include="VelocityHitType.h">
      <Filter>Fichiers d%27en-tête\Models</Filter>
    </ClInclude>
    <ClInclude Include="Transform.h">
      <Filter>Fichiers d%27en-tête\Models</Filter>
    </ClInclude>
    <ClInclude Include="SceneModule.h">
      <Filter>Fichiers d%27en-tête\Modules</Filter>
    </ClInclude>
    <ClInclude Include="ResourceModule.h">
      <Filter>Fichiers d%27en-tête\Modules</Filter>
    </ClInclude>
    <ClInclude Include="InputModule.h">
      <Filter>Fichiers d%27en-tête\Modules</Filter>
    </ClInclude>
    <ClInclude Include="WindowModule.h">
      <Filter>Fichiers d%27en-tête\Modules</Filter>
    </ClInclude>
    <ClInclude Include="TimeModule.h">
      <Filter>Fichiers d%27en-tête\Modules</Filter>
    </ClInclude>
    <ClInclude Include="Json.h">
      <Filter>Utilities</Filter>
    </ClInclude>
  </ItemGroup>
  <ItemGroup>
    <None Include="GameObject.inl">
      <Filter>Fichiers d%27en-tête</Filter>
    </None>
    <None Include="ModuleManager.inl">
      <Filter>Fichiers d%27en-tête</Filter>
    </None>
    <None Include="State.inl">
      <Filter>Fichiers d%27en-tête</Filter>
    </None>
    <None Include="FSMComponent.inl">
      <Filter>Fichiers d%27en-tête\Components</Filter>
    </None>
    <None Include="SceneModule.inl">
      <Filter>Fichiers d%27en-tête\Modules</Filter>
    </None>
  </ItemGroup>
  <ItemGroup>
    <Filter Include="Fichiers d%27en-tête">
      <UniqueIdentifier>{e6da54db-588e-4f09-9d2c-b39947450184}</UniqueIdentifier>
    </Filter>
    <Filter Include="Fichiers sources">
      <UniqueIdentifier>{514d4bd9-0fe8-4a28-ae5a-851e4fe8bc2b}</UniqueIdentifier>
    </Filter>
    <Filter Include="Fichiers de ressources">
      <UniqueIdentifier>{b999e9a0-6317-4179-b750-6bbfd695478e}</UniqueIdentifier>
    </Filter>
    <Filter Include="Fichiers d%27en-tête\Components">
      <UniqueIdentifier>{9a516dc9-7eee-4359-a1e4-010c0b8875bb}</UniqueIdentifier>
    </Filter>
    <Filter Include="Fichiers sources\Components">
      <UniqueIdentifier>{254cb460-124d-44fa-903a-09f414145710}</UniqueIdentifier>
    </Filter>
    <Filter Include="Utilities">
      <UniqueIdentifier>{b607996d-3df1-4435-a5dd-88e955b99a59}</UniqueIdentifier>
    </Filter>
    <Filter Include="Fichiers d%27en-tête\Models">
      <UniqueIdentifier>{0194b59f-3a61-4bad-9d1f-658ef6ebe6fb}</UniqueIdentifier>
    </Filter>
    <Filter Include="Fichiers d%27en-tête\Modules">
      <UniqueIdentifier>{f76a5c95-5656-4d70-9be1-ed6f0099bc2c}</UniqueIdentifier>
    </Filter>
    <Filter Include="Fichiers sources\Modules">
      <UniqueIdentifier>{36997533-b44e-4c61-826f-29d56d790ce3}</UniqueIdentifier>
    </Filter>
  </ItemGroup>
  <ItemGroup>
    <ResourceCompile Include="Engine.rc">
      <Filter>Fichiers de ressources</Filter>
    </ResourceCompile>
  </ItemGroup>
</Project>