<?xml version="1.0" encoding="utf-8"?>
<Project ToolsVersion="4.0" xmlns="http://schemas.microsoft.com/developer/msbuild/2003">
  <ItemGroup>
    <Filter Include="Fichiers sources">
      <UniqueIdentifier>{4FC737F1-C7A5-4376-A066-2A32D752A2FF}</UniqueIdentifier>
      <Extensions>cpp;c;cc;cxx;c++;cppm;ixx;def;odl;idl;hpj;bat;asm;asmx</Extensions>
    </Filter>
    <Filter Include="Fichiers d%27en-tête">
      <UniqueIdentifier>{93995380-89BD-4b04-88EB-625FBE52EBFB}</UniqueIdentifier>
      <Extensions>h;hh;hpp;hxx;h++;hm;inl;inc;ipp;xsd</Extensions>
    </Filter>
    <Filter Include="Fichiers de ressources">
      <UniqueIdentifier>{67DA6AB6-F800-4c08-8B7A-83BB121AAD01}</UniqueIdentifier>
      <Extensions>rc;ico;cur;bmp;dlg;rc2;rct;bin;rgs;gif;jpg;jpeg;jpe;resx;tiff;tif;png;wav;mfcribbon-ms</Extensions>
    </Filter>
    <Filter Include="Fichiers d%27en-tête\Models">
      <UniqueIdentifier>{5b83b9fb-ef55-4154-ad0b-fcbf3ff1c226}</UniqueIdentifier>
    </Filter>
    <Filter Include="Fichiers d%27en-tête\Modules">
      <UniqueIdentifier>{2ea94985-e362-4ed8-9e9b-3c2311070929}</UniqueIdentifier>
    </Filter>
    <Filter Include="Fichiers d%27en-tête\Components">
      <UniqueIdentifier>{13cf0f8f-2a6f-48bc-8d06-92af475bb9a2}</UniqueIdentifier>
    </Filter>
    <Filter Include="Fichiers sources\Modules">
      <UniqueIdentifier>{63b86970-50ea-4a6e-857a-f721ffb4943f}</UniqueIdentifier>
    </Filter>
    <Filter Include="Fichiers sources\Components">
      <UniqueIdentifier>{52899063-1387-4e3a-bd5e-e3a14b24214f}</UniqueIdentifier>
    </Filter>
    <Filter Include="Fichiers d%27en-tête\State">
      <UniqueIdentifier>{58fd7519-0fd6-4ff7-8b0b-b9e8c2464ecf}</UniqueIdentifier>
    </Filter>
    <Filter Include="Fichiers sources\State">
      <UniqueIdentifier>{9866de7a-d9d2-43ed-91d7-953bde5d6d1d}</UniqueIdentifier>
    </Filter>
  </ItemGroup>
  <ItemGroup>
    <ClInclude Include="Engine.h">
      <Filter>Fichiers d%27en-tête</Filter>
    </ClInclude>
    <ClInclude Include="Module.h">
      <Filter>Fichiers d%27en-tête</Filter>
    </ClInclude>
    <ClInclude Include="ModuleManager.h">
      <Filter>Fichiers d%27en-tête</Filter>
    </ClInclude>
    <ClInclude Include="Scene.h">
      <Filter>Fichiers d%27en-tête</Filter>
    </ClInclude>
    <ClInclude Include="Component.h">
      <Filter>Fichiers d%27en-tête</Filter>
    </ClInclude>
    <ClInclude Include="GameObject.h">
      <Filter>Fichiers d%27en-tête</Filter>
    </ClInclude>
    <ClInclude Include="InputInfo.h">
      <Filter>Fichiers d%27en-tête\Models</Filter>
    </ClInclude>
    <ClInclude Include="SceneModule.h">
      <Filter>Fichiers d%27en-tête\Modules</Filter>
    </ClInclude>
    <ClInclude Include="ResourceModule.h">
      <Filter>Fichiers d%27en-tête\Modules</Filter>
    </ClInclude>
    <ClInclude Include="InputModule.h">
      <Filter>Fichiers d%27en-tête\Modules</Filter>
    </ClInclude>
    <ClInclude Include="WindowModule.h">
      <Filter>Fichiers d%27en-tête\Modules</Filter>
    </ClInclude>
    <ClInclude Include="TimeModule.h">
      <Filter>Fichiers d%27en-tête\Modules</Filter>
    </ClInclude>
    <ClInclude Include="SpriteRenderer.h">
      <Filter>Fichiers d%27en-tête\Components</Filter>
    </ClInclude>
    <ClInclude Include="resource.h">
      <Filter>Fichiers de ressources</Filter>
    </ClInclude>
    <ClInclude Include="FSMComponent.h">
      <Filter>Fichiers d%27en-tête\Components</Filter>
    </ClInclude>
    <ClInclude Include="State.h">
      <Filter>Fichiers d%27en-tête\State</Filter>
    </ClInclude>
  </ItemGroup>
  <ItemGroup>
    <ClCompile Include="Engine.cpp">
      <Filter>Fichiers sources</Filter>
    </ClCompile>
    <ClCompile Include="ModuleManager.cpp">
      <Filter>Fichiers sources</Filter>
    </ClCompile>
    <ClCompile Include="Scene.cpp">
      <Filter>Fichiers sources</Filter>
    </ClCompile>
    <ClCompile Include="GameObject.cpp">
      <Filter>Fichiers sources</Filter>
    </ClCompile>
    <ClCompile Include="Module.cpp">
      <Filter>Fichiers sources</Filter>
    </ClCompile>
    <ClCompile Include="Component.cpp">
      <Filter>Fichiers sources</Filter>
    </ClCompile>
    <ClCompile Include="ResourceModule.cpp">
      <Filter>Fichiers sources\Modules</Filter>
    </ClCompile>
    <ClCompile Include="SceneModule.cpp">
      <Filter>Fichiers sources\Modules</Filter>
    </ClCompile>
    <ClCompile Include="TimeModule.cpp">
      <Filter>Fichiers sources\Modules</Filter>
    </ClCompile>
    <ClCompile Include="WindowModule.cpp">
      <Filter>Fichiers sources\Modules</Filter>
    </ClCompile>
    <ClCompile Include="InputModule.cpp">
      <Filter>Fichiers sources\Modules</Filter>
    </ClCompile>
    <ClCompile Include="SpriteRenderer.cpp">
      <Filter>Fichiers sources\Components</Filter>
    </ClCompile>
    <ClCompile Include="FSMConponent.cpp">
      <Filter>Fichiers sources\Components</Filter>
    </ClCompile>
    <ClCompile Include="State.cpp">
      <Filter>Fichiers sources\State</Filter>
    </ClCompile>
  </ItemGroup>
  <ItemGroup>
    <None Include="ModuleManager.inl">
      <Filter>Fichiers d%27en-tête</Filter>
    </None>
    <None Include="GameObject.inl">
      <Filter>Fichiers d%27en-tête</Filter>
    </None>
    <None Include="SceneModule.inl">
      <Filter>Fichiers d%27en-tête\Modules</Filter>
    </None>
    <None Include="FSMComponent.inl">
      <Filter>Fichiers d%27en-tête\Components</Filter>
    </None>
    <None Include="State.inl">
      <Filter>Fichiers d%27en-tête\State</Filter>
    </None>
  </ItemGroup>
  <ItemGroup>
    <ResourceCompile Include="Engine.rc">
      <Filter>Fichiers de ressources</Filter>
    </ResourceCompile>
  </ItemGroup>
</Project>